<?xml version="1.0" encoding="utf-8"?>
<Project ToolsVersion="4.0" xmlns="http://schemas.microsoft.com/developer/msbuild/2003">
  <ItemGroup>
    <Filter Include="Source Files">
      <UniqueIdentifier>{14760086-431f-4f94-b4f6-e5ba375fd6c2}</UniqueIdentifier>
      <Extensions>cpp;c;cxx;rc;def;r;odl;idl;hpj;bat</Extensions>
    </Filter>
    <Filter Include="Header Files">
      <UniqueIdentifier>{9d477f15-4444-4540-b70c-632260c4c2bf}</UniqueIdentifier>
      <Extensions>h;hpp;hxx;hm;inl</Extensions>
    </Filter>
    <Filter Include="Resource Files">
      <UniqueIdentifier>{aa15c9de-8975-41f7-82a6-d2b5d44bb1a0}</UniqueIdentifier>
      <Extensions>ico;cur;bmp;dlg;rc2;rct;bin;rgs;gif;jpg;jpeg;jpe</Extensions>
    </Filter>
  </ItemGroup>
  <ItemGroup>
    <ClCompile Include="..\spLb4\index.cpp">
      <Filter>Source Files</Filter>
    </ClCompile>
    <ClCompile Include="..\spLb4\langio.cpp">
      <Filter>Source Files</Filter>
    </ClCompile>
    <ClCompile Include="..\spLb4\lexan.cpp">
      <Filter>Source Files</Filter>
    </ClCompile>
    <ClCompile Include="..\spLb4\parsC.cpp">
      <Filter>Source Files</Filter>
    </ClCompile>
    <ClCompile Include="..\spLb4\parsP.cpp">
      <Filter>Source Files</Filter>
    </ClCompile>
    <ClCompile Include="..\spLb4\parsV.cpp">
      <Filter>Source Files</Filter>
    </ClCompile>
    <ClCompile Include="spLb6.cpp">
      <Filter>Source Files</Filter>
    </ClCompile>
    <ClCompile Include="StdAfx.cpp">
      <Filter>Source Files</Filter>
    </ClCompile>
    <ClCompile Include="synan.cpp">
      <Filter>Source Files</Filter>
    </ClCompile>
    <ClCompile Include="..\spLb4\tables.cpp">
      <Filter>Source Files</Filter>
    </ClCompile>
  </ItemGroup>
  <ItemGroup>
    <ClInclude Include="StdAfx.h">
      <Filter>Header Files</Filter>
    </ClInclude>
    <ClInclude Include="synan.h">
      <Filter>Header Files</Filter>
    </ClInclude>
  </ItemGroup>
  <ItemGroup>
    <CustomBuild Include="ReadMe.txt" />
  </ItemGroup>
</Project>